
Microsoft Visual Studio Solution File, Format Version 12.00
# Visual Studio Version 17
VisualStudioVersion = 17.1.32319.34
MinimumVisualStudioVersion = 10.0.40219.1
Project("{2150E333-8FDC-42A3-9474-1A3956D46DE8}") = "Solution Items", "Solution Items", "{563A02B4-2B5E-4C71-B3D3-08FA07634BC6}"
	ProjectSection(SolutionItems) = preProject
		README.md = README.md
	EndProjectSection
EndProject
Project("{9A19103F-16F7-4668-BE54-9A1E7A4F7556}") = "QuizletWebAPI.Auth", "QuizletWebAPI.Auth\QuizletWebAPI.Auth.csproj", "{54BB89AC-F4A4-4FFA-8836-24A844BB4F46}"
EndProject
Project("{9A19103F-16F7-4668-BE54-9A1E7A4F7556}") = "QuizletWebAPI.Common", "QuizletWebAPI.Common\QuizletWebAPI.Common.csproj", "{BA49BDC5-BA68-4E78-B0DB-5FDD36EBD59B}"
EndProject
Project("{FAE04EC0-301F-11D3-BF4B-00C04F79EFBC}") = "QuizletWebAPI.Resourse", "QuizletWebAPI.Resourse\QuizletWebAPI.Resourse.csproj", "{18C0E43C-D3B0-40EC-824C-338C17AC191D}"
EndProject
Global
	GlobalSection(SolutionConfigurationPlatforms) = preSolution
		Debug|Any CPU = Debug|Any CPU
		Release|Any CPU = Release|Any CPU
	EndGlobalSection
	GlobalSection(ProjectConfigurationPlatforms) = postSolution
		{54BB89AC-F4A4-4FFA-8836-24A844BB4F46}.Debug|Any CPU.ActiveCfg = Debug|Any CPU
		{54BB89AC-F4A4-4FFA-8836-24A844BB4F46}.Debug|Any CPU.Build.0 = Debug|Any CPU
		{54BB89AC-F4A4-4FFA-8836-24A844BB4F46}.Release|Any CPU.ActiveCfg = Release|Any CPU
		{54BB89AC-F4A4-4FFA-8836-24A844BB4F46}.Release|Any CPU.Build.0 = Release|Any CPU
		{BA49BDC5-BA68-4E78-B0DB-5FDD36EBD59B}.Debug|Any CPU.ActiveCfg = Debug|Any CPU
		{BA49BDC5-BA68-4E78-B0DB-5FDD36EBD59B}.Debug|Any CPU.Build.0 = Debug|Any CPU
		{BA49BDC5-BA68-4E78-B0DB-5FDD36EBD59B}.Release|Any CPU.ActiveCfg = Release|Any CPU
		{BA49BDC5-BA68-4E78-B0DB-5FDD36EBD59B}.Release|Any CPU.Build.0 = Release|Any CPU
		{18C0E43C-D3B0-40EC-824C-338C17AC191D}.Debug|Any CPU.ActiveCfg = Debug|Any CPU
		{18C0E43C-D3B0-40EC-824C-338C17AC191D}.Debug|Any CPU.Build.0 = Debug|Any CPU
		{18C0E43C-D3B0-40EC-824C-338C17AC191D}.Release|Any CPU.ActiveCfg = Release|Any CPU
		{18C0E43C-D3B0-40EC-824C-338C17AC191D}.Release|Any CPU.Build.0 = Release|Any CPU
	EndGlobalSection
	GlobalSection(SolutionProperties) = preSolution
		HideSolutionNode = FALSE
	EndGlobalSection
	GlobalSection(ExtensibilityGlobals) = postSolution
		SolutionGuid = {AEAFAC6A-E64A-461D-B358-E687BE5984D4}
	EndGlobalSection
EndGlobal
